// !$*UTF8*$!
{
	archiveVersion = 1;
	classes = {
	};
	objectVersion = 77;
	objects = {

/* Begin PBXContainerItemProxy section */
		C099C6122D86DED1002DE453 /* PBXContainerItemProxy */ = {
			isa = PBXContainerItemProxy;
			containerPortal = C09EA01F2D63DED6002B4202 /* Project object */;
			proxyType = 1;
			remoteGlobalIDString = C099C5FD2D86DECF002DE453;
			remoteInfo = EnergyMeter;
		};
		C099C61C2D86DED1002DE453 /* PBXContainerItemProxy */ = {
			isa = PBXContainerItemProxy;
			containerPortal = C09EA01F2D63DED6002B4202 /* Project object */;
			proxyType = 1;
			remoteGlobalIDString = C099C5FD2D86DECF002DE453;
			remoteInfo = EnergyMeter;
		};
		C09EA0392D63DED7002B4202 /* PBXContainerItemProxy */ = {
			isa = PBXContainerItemProxy;
			containerPortal = C09EA01F2D63DED6002B4202 /* Project object */;
			proxyType = 1;
			remoteGlobalIDString = C09EA0262D63DED6002B4202;
			remoteInfo = AutismExplainer;
		};
		C09EA0432D63DED7002B4202 /* PBXContainerItemProxy */ = {
			isa = PBXContainerItemProxy;
			containerPortal = C09EA01F2D63DED6002B4202 /* Project object */;
			proxyType = 1;
			remoteGlobalIDString = C09EA0262D63DED6002B4202;
			remoteInfo = AutismExplainer;
		};
/* End PBXContainerItemProxy section */

/* Begin PBXFileReference section */
		C099C5FE2D86DECF002DE453 /* EnergyMeter.app */ = {isa = PBXFileReference; explicitFileType = wrapper.application; includeInIndex = 0; path = EnergyMeter.app; sourceTree = BUILT_PRODUCTS_DIR; };
		C099C6112D86DED1002DE453 /* EnergyMeterTests.xctest */ = {isa = PBXFileReference; explicitFileType = wrapper.cfbundle; includeInIndex = 0; path = EnergyMeterTests.xctest; sourceTree = BUILT_PRODUCTS_DIR; };
		C099C61B2D86DED1002DE453 /* EnergyMeterUITests.xctest */ = {isa = PBXFileReference; explicitFileType = wrapper.cfbundle; includeInIndex = 0; path = EnergyMeterUITests.xctest; sourceTree = BUILT_PRODUCTS_DIR; };
		C09EA0272D63DED6002B4202 /* AutismExplainer.app */ = {isa = PBXFileReference; explicitFileType = wrapper.application; includeInIndex = 0; path = AutismExplainer.app; sourceTree = BUILT_PRODUCTS_DIR; };
		C09EA0382D63DED7002B4202 /* AutismExplainerTests.xctest */ = {isa = PBXFileReference; explicitFileType = wrapper.cfbundle; includeInIndex = 0; path = AutismExplainerTests.xctest; sourceTree = BUILT_PRODUCTS_DIR; };
		C09EA0422D63DED7002B4202 /* AutismExplainerUITests.xctest */ = {isa = PBXFileReference; explicitFileType = wrapper.cfbundle; includeInIndex = 0; path = AutismExplainerUITests.xctest; sourceTree = BUILT_PRODUCTS_DIR; };
/* End PBXFileReference section */

/* Begin PBXFileSystemSynchronizedBuildFileExceptionSet section */
		C099C6292D86DED1002DE453 /* Exceptions for "EnergyMeter" folder in "EnergyMeter" target */ = {
			isa = PBXFileSystemSynchronizedBuildFileExceptionSet;
			membershipExceptions = (
				Info.plist,
			);
			target = C099C5FD2D86DECF002DE453 /* EnergyMeter */;
		};
/* End PBXFileSystemSynchronizedBuildFileExceptionSet section */

/* Begin PBXFileSystemSynchronizedRootGroup section */
		C099C5FF2D86DECF002DE453 /* EnergyMeter */ = {
			isa = PBXFileSystemSynchronizedRootGroup;
			exceptions = (
				C099C6292D86DED1002DE453 /* Exceptions for "EnergyMeter" folder in "EnergyMeter" target */,
			);
			path = EnergyMeter;
			sourceTree = "<group>";
		};
		C099C6142D86DED1002DE453 /* EnergyMeterTests */ = {
			isa = PBXFileSystemSynchronizedRootGroup;
			path = EnergyMeterTests;
			sourceTree = "<group>";
		};
		C099C61E2D86DED1002DE453 /* EnergyMeterUITests */ = {
			isa = PBXFileSystemSynchronizedRootGroup;
			path = EnergyMeterUITests;
			sourceTree = "<group>";
		};
		C09EA0292D63DED6002B4202 /* AutismExplainer */ = {
			isa = PBXFileSystemSynchronizedRootGroup;
			path = AutismExplainer;
			sourceTree = "<group>";
		};
		C09EA03B2D63DED7002B4202 /* AutismExplainerTests */ = {
			isa = PBXFileSystemSynchronizedRootGroup;
			path = AutismExplainerTests;
			sourceTree = "<group>";
		};
		C09EA0452D63DED7002B4202 /* AutismExplainerUITests */ = {
			isa = PBXFileSystemSynchronizedRootGroup;
			path = AutismExplainerUITests;
			sourceTree = "<group>";
		};
/* End PBXFileSystemSynchronizedRootGroup section */

/* Begin PBXFrameworksBuildPhase section */
		C099C5FB2D86DECF002DE453 /* Frameworks */ = {
			isa = PBXFrameworksBuildPhase;
			buildActionMask = 2147483647;
			files = (
			);
			runOnlyForDeploymentPostprocessing = 0;
		};
		C099C60E2D86DED1002DE453 /* Frameworks */ = {
			isa = PBXFrameworksBuildPhase;
			buildActionMask = 2147483647;
			files = (
			);
			runOnlyForDeploymentPostprocessing = 0;
		};
		C099C6182D86DED1002DE453 /* Frameworks */ = {
			isa = PBXFrameworksBuildPhase;
			buildActionMask = 2147483647;
			files = (
			);
			runOnlyForDeploymentPostprocessing = 0;
		};
		C09EA0242D63DED6002B4202 /* Frameworks */ = {
			isa = PBXFrameworksBuildPhase;
			buildActionMask = 2147483647;
			files = (
			);
			runOnlyForDeploymentPostprocessing = 0;
		};
		C09EA0352D63DED7002B4202 /* Frameworks */ = {
			isa = PBXFrameworksBuildPhase;
			buildActionMask = 2147483647;
			files = (
			);
			runOnlyForDeploymentPostprocessing = 0;
		};
		C09EA03F2D63DED7002B4202 /* Frameworks */ = {
			isa = PBXFrameworksBuildPhase;
			buildActionMask = 2147483647;
			files = (
			);
			runOnlyForDeploymentPostprocessing = 0;
		};
/* End PBXFrameworksBuildPhase section */

/* Begin PBXGroup section */
		C09EA01E2D63DED6002B4202 = {
			isa = PBXGroup;
			children = (
				C09EA0292D63DED6002B4202 /* AutismExplainer */,
				C09EA03B2D63DED7002B4202 /* AutismExplainerTests */,
				C09EA0452D63DED7002B4202 /* AutismExplainerUITests */,
				C099C5FF2D86DECF002DE453 /* EnergyMeter */,
				C099C6142D86DED1002DE453 /* EnergyMeterTests */,
				C099C61E2D86DED1002DE453 /* EnergyMeterUITests */,
				C09EA0282D63DED6002B4202 /* Products */,
			);
			sourceTree = "<group>";
		};
		C09EA0282D63DED6002B4202 /* Products */ = {
			isa = PBXGroup;
			children = (
				C09EA0272D63DED6002B4202 /* AutismExplainer.app */,
				C09EA0382D63DED7002B4202 /* AutismExplainerTests.xctest */,
				C09EA0422D63DED7002B4202 /* AutismExplainerUITests.xctest */,
				C099C5FE2D86DECF002DE453 /* EnergyMeter.app */,
				C099C6112D86DED1002DE453 /* EnergyMeterTests.xctest */,
				C099C61B2D86DED1002DE453 /* EnergyMeterUITests.xctest */,
			);
			name = Products;
			sourceTree = "<group>";
		};
/* End PBXGroup section */

/* Begin PBXNativeTarget section */
		C099C5FD2D86DECF002DE453 /* EnergyMeter */ = {
			isa = PBXNativeTarget;
			buildConfigurationList = C099C62A2D86DED1002DE453 /* Build configuration list for PBXNativeTarget "EnergyMeter" */;
			buildPhases = (
				C099C5FA2D86DECF002DE453 /* Sources */,
				C099C5FB2D86DECF002DE453 /* Frameworks */,
				C099C5FC2D86DECF002DE453 /* Resources */,
			);
			buildRules = (
			);
			dependencies = (
			);
			fileSystemSynchronizedGroups = (
				C099C5FF2D86DECF002DE453 /* EnergyMeter */,
			);
			name = EnergyMeter;
			packageProductDependencies = (
			);
			productName = EnergyMeter;
			productReference = C099C5FE2D86DECF002DE453 /* EnergyMeter.app */;
			productType = "com.apple.product-type.application";
		};
		C099C6102D86DED1002DE453 /* EnergyMeterTests */ = {
			isa = PBXNativeTarget;
			buildConfigurationList = C099C62B2D86DED1002DE453 /* Build configuration list for PBXNativeTarget "EnergyMeterTests" */;
			buildPhases = (
				C099C60D2D86DED1002DE453 /* Sources */,
				C099C60E2D86DED1002DE453 /* Frameworks */,
				C099C60F2D86DED1002DE453 /* Resources */,
			);
			buildRules = (
			);
			dependencies = (
				C099C6132D86DED1002DE453 /* PBXTargetDependency */,
			);
			fileSystemSynchronizedGroups = (
				C099C6142D86DED1002DE453 /* EnergyMeterTests */,
			);
			name = EnergyMeterTests;
			packageProductDependencies = (
			);
			productName = EnergyMeterTests;
			productReference = C099C6112D86DED1002DE453 /* EnergyMeterTests.xctest */;
			productType = "com.apple.product-type.bundle.unit-test";
		};
		C099C61A2D86DED1002DE453 /* EnergyMeterUITests */ = {
			isa = PBXNativeTarget;
			buildConfigurationList = C099C62C2D86DED1002DE453 /* Build configuration list for PBXNativeTarget "EnergyMeterUITests" */;
			buildPhases = (
				C099C6172D86DED1002DE453 /* Sources */,
				C099C6182D86DED1002DE453 /* Frameworks */,
				C099C6192D86DED1002DE453 /* Resources */,
			);
			buildRules = (
			);
			dependencies = (
				C099C61D2D86DED1002DE453 /* PBXTargetDependency */,
			);
			fileSystemSynchronizedGroups = (
				C099C61E2D86DED1002DE453 /* EnergyMeterUITests */,
			);
			name = EnergyMeterUITests;
			packageProductDependencies = (
			);
			productName = EnergyMeterUITests;
			productReference = C099C61B2D86DED1002DE453 /* EnergyMeterUITests.xctest */;
			productType = "com.apple.product-type.bundle.ui-testing";
		};
		C09EA0262D63DED6002B4202 /* AutismExplainer */ = {
			isa = PBXNativeTarget;
			buildConfigurationList = C09EA04C2D63DED7002B4202 /* Build configuration list for PBXNativeTarget "AutismExplainer" */;
			buildPhases = (
				C09EA0232D63DED6002B4202 /* Sources */,
				C09EA0242D63DED6002B4202 /* Frameworks */,
				C09EA0252D63DED6002B4202 /* Resources */,
			);
			buildRules = (
			);
			dependencies = (
			);
			fileSystemSynchronizedGroups = (
				C09EA0292D63DED6002B4202 /* AutismExplainer */,
			);
			name = AutismExplainer;
			packageProductDependencies = (
			);
			productName = AutismExplainer;
			productReference = C09EA0272D63DED6002B4202 /* AutismExplainer.app */;
			productType = "com.apple.product-type.application";
		};
		C09EA0372D63DED7002B4202 /* AutismExplainerTests */ = {
			isa = PBXNativeTarget;
			buildConfigurationList = C09EA04F2D63DED7002B4202 /* Build configuration list for PBXNativeTarget "AutismExplainerTests" */;
			buildPhases = (
				C09EA0342D63DED7002B4202 /* Sources */,
				C09EA0352D63DED7002B4202 /* Frameworks */,
				C09EA0362D63DED7002B4202 /* Resources */,
			);
			buildRules = (
			);
			dependencies = (
				C09EA03A2D63DED7002B4202 /* PBXTargetDependency */,
			);
			fileSystemSynchronizedGroups = (
				C09EA03B2D63DED7002B4202 /* AutismExplainerTests */,
			);
			name = AutismExplainerTests;
			packageProductDependencies = (
			);
			productName = AutismExplainerTests;
			productReference = C09EA0382D63DED7002B4202 /* AutismExplainerTests.xctest */;
			productType = "com.apple.product-type.bundle.unit-test";
		};
		C09EA0412D63DED7002B4202 /* AutismExplainerUITests */ = {
			isa = PBXNativeTarget;
			buildConfigurationList = C09EA0522D63DED7002B4202 /* Build configuration list for PBXNativeTarget "AutismExplainerUITests" */;
			buildPhases = (
				C09EA03E2D63DED7002B4202 /* Sources */,
				C09EA03F2D63DED7002B4202 /* Frameworks */,
				C09EA0402D63DED7002B4202 /* Resources */,
			);
			buildRules = (
			);
			dependencies = (
				C09EA0442D63DED7002B4202 /* PBXTargetDependency */,
			);
			fileSystemSynchronizedGroups = (
				C09EA0452D63DED7002B4202 /* AutismExplainerUITests */,
			);
			name = AutismExplainerUITests;
			packageProductDependencies = (
			);
			productName = AutismExplainerUITests;
			productReference = C09EA0422D63DED7002B4202 /* AutismExplainerUITests.xctest */;
			productType = "com.apple.product-type.bundle.ui-testing";
		};
/* End PBXNativeTarget section */

/* Begin PBXProject section */
		C09EA01F2D63DED6002B4202 /* Project object */ = {
			isa = PBXProject;
			attributes = {
				BuildIndependentTargetsInParallel = 1;
				LastSwiftUpdateCheck = 1620;
				LastUpgradeCheck = 1620;
				TargetAttributes = {
					C099C5FD2D86DECF002DE453 = {
						CreatedOnToolsVersion = 16.2;
					};
					C099C6102D86DED1002DE453 = {
						CreatedOnToolsVersion = 16.2;
						TestTargetID = C099C5FD2D86DECF002DE453;
					};
					C099C61A2D86DED1002DE453 = {
						CreatedOnToolsVersion = 16.2;
						TestTargetID = C099C5FD2D86DECF002DE453;
					};
					C09EA0262D63DED6002B4202 = {
						CreatedOnToolsVersion = 16.2;
					};
					C09EA0372D63DED7002B4202 = {
						CreatedOnToolsVersion = 16.2;
						TestTargetID = C09EA0262D63DED6002B4202;
					};
					C09EA0412D63DED7002B4202 = {
						CreatedOnToolsVersion = 16.2;
						TestTargetID = C09EA0262D63DED6002B4202;
					};
				};
			};
			buildConfigurationList = C09EA0222D63DED6002B4202 /* Build configuration list for PBXProject "AutismExplainer" */;
			developmentRegion = en;
			hasScannedForEncodings = 0;
			knownRegions = (
				en,
				Base,
				nl,
			);
			mainGroup = C09EA01E2D63DED6002B4202;
			minimizedProjectReferenceProxies = 1;
			preferredProjectObjectVersion = 77;
			productRefGroup = C09EA0282D63DED6002B4202 /* Products */;
			projectDirPath = "";
			projectRoot = "";
			targets = (
				C09EA0262D63DED6002B4202 /* AutismExplainer */,
				C09EA0372D63DED7002B4202 /* AutismExplainerTests */,
				C09EA0412D63DED7002B4202 /* AutismExplainerUITests */,
				C099C5FD2D86DECF002DE453 /* EnergyMeter */,
				C099C6102D86DED1002DE453 /* EnergyMeterTests */,
				C099C61A2D86DED1002DE453 /* EnergyMeterUITests */,
			);
		};
/* End PBXProject section */

/* Begin PBXResourcesBuildPhase section */
		C099C5FC2D86DECF002DE453 /* Resources */ = {
			isa = PBXResourcesBuildPhase;
			buildActionMask = 2147483647;
			files = (
			);
			runOnlyForDeploymentPostprocessing = 0;
		};
		C099C60F2D86DED1002DE453 /* Resources */ = {
			isa = PBXResourcesBuildPhase;
			buildActionMask = 2147483647;
			files = (
			);
			runOnlyForDeploymentPostprocessing = 0;
		};
		C099C6192D86DED1002DE453 /* Resources */ = {
			isa = PBXResourcesBuildPhase;
			buildActionMask = 2147483647;
			files = (
			);
			runOnlyForDeploymentPostprocessing = 0;
		};
		C09EA0252D63DED6002B4202 /* Resources */ = {
			isa = PBXResourcesBuildPhase;
			buildActionMask = 2147483647;
			files = (
			);
			runOnlyForDeploymentPostprocessing = 0;
		};
		C09EA0362D63DED7002B4202 /* Resources */ = {
			isa = PBXResourcesBuildPhase;
			buildActionMask = 2147483647;
			files = (
			);
			runOnlyForDeploymentPostprocessing = 0;
		};
		C09EA0402D63DED7002B4202 /* Resources */ = {
			isa = PBXResourcesBuildPhase;
			buildActionMask = 2147483647;
			files = (
			);
			runOnlyForDeploymentPostprocessing = 0;
		};
/* End PBXResourcesBuildPhase section */

/* Begin PBXSourcesBuildPhase section */
		C099C5FA2D86DECF002DE453 /* Sources */ = {
			isa = PBXSourcesBuildPhase;
			buildActionMask = 2147483647;
			files = (
			);
			runOnlyForDeploymentPostprocessing = 0;
		};
		C099C60D2D86DED1002DE453 /* Sources */ = {
			isa = PBXSourcesBuildPhase;
			buildActionMask = 2147483647;
			files = (
			);
			runOnlyForDeploymentPostprocessing = 0;
		};
		C099C6172D86DED1002DE453 /* Sources */ = {
			isa = PBXSourcesBuildPhase;
			buildActionMask = 2147483647;
			files = (
			);
			runOnlyForDeploymentPostprocessing = 0;
		};
		C09EA0232D63DED6002B4202 /* Sources */ = {
			isa = PBXSourcesBuildPhase;
			buildActionMask = 2147483647;
			files = (
			);
			runOnlyForDeploymentPostprocessing = 0;
		};
		C09EA0342D63DED7002B4202 /* Sources */ = {
			isa = PBXSourcesBuildPhase;
			buildActionMask = 2147483647;
			files = (
			);
			runOnlyForDeploymentPostprocessing = 0;
		};
		C09EA03E2D63DED7002B4202 /* Sources */ = {
			isa = PBXSourcesBuildPhase;
			buildActionMask = 2147483647;
			files = (
			);
			runOnlyForDeploymentPostprocessing = 0;
		};
/* End PBXSourcesBuildPhase section */

/* Begin PBXTargetDependency section */
		C099C6132D86DED1002DE453 /* PBXTargetDependency */ = {
			isa = PBXTargetDependency;
			target = C099C5FD2D86DECF002DE453 /* EnergyMeter */;
			targetProxy = C099C6122D86DED1002DE453 /* PBXContainerItemProxy */;
		};
		C099C61D2D86DED1002DE453 /* PBXTargetDependency */ = {
			isa = PBXTargetDependency;
			target = C099C5FD2D86DECF002DE453 /* EnergyMeter */;
			targetProxy = C099C61C2D86DED1002DE453 /* PBXContainerItemProxy */;
		};
		C09EA03A2D63DED7002B4202 /* PBXTargetDependency */ = {
			isa = PBXTargetDependency;
			target = C09EA0262D63DED6002B4202 /* AutismExplainer */;
			targetProxy = C09EA0392D63DED7002B4202 /* PBXContainerItemProxy */;
		};
		C09EA0442D63DED7002B4202 /* PBXTargetDependency */ = {
			isa = PBXTargetDependency;
			target = C09EA0262D63DED6002B4202 /* AutismExplainer */;
			targetProxy = C09EA0432D63DED7002B4202 /* PBXContainerItemProxy */;
		};
/* End PBXTargetDependency section */

/* Begin XCBuildConfiguration section */
		C099C6232D86DED1002DE453 /* Debug */ = {
			isa = XCBuildConfiguration;
			buildSettings = {
				ASSETCATALOG_COMPILER_APPICON_NAME = AppIcon;
				"ASSETCATALOG_COMPILER_APPICON_NAME[sdk=macosx*]" = EnergySchemaAppIcon;
				"ASSETCATALOG_COMPILER_APPICON_NAME[sdk=xros*]" = EnergySchemaVisionAppIcon;
				ASSETCATALOG_COMPILER_GLOBAL_ACCENT_COLOR_NAME = AccentColor;
				ASSETCATALOG_COMPILER_INCLUDE_ALL_APPICON_ASSETS = NO;
				CODE_SIGN_ENTITLEMENTS = EnergyMeter/EnergyMeter.entitlements;
				CODE_SIGN_STYLE = Automatic;
				CURRENT_PROJECT_VERSION = 1;
				DEVELOPMENT_ASSET_PATHS = "\"EnergyMeter/Preview Content\"";
				DEVELOPMENT_TEAM = 3JC92CA2K5;
				ENABLE_HARDENED_RUNTIME = YES;
				ENABLE_PREVIEWS = YES;
				GENERATE_INFOPLIST_FILE = YES;
				INFOPLIST_FILE = EnergyMeter/Info.plist;
				INFOPLIST_KEY_CFBundleDisplayName = "Energy Schema";
				INFOPLIST_KEY_LSApplicationCategoryType = "public.app-category.utilities";
				"INFOPLIST_KEY_UIApplicationSceneManifest_Generation[sdk=iphoneos*]" = YES;
				"INFOPLIST_KEY_UIApplicationSceneManifest_Generation[sdk=iphonesimulator*]" = YES;
				"INFOPLIST_KEY_UIApplicationSupportsIndirectInputEvents[sdk=iphoneos*]" = YES;
				"INFOPLIST_KEY_UIApplicationSupportsIndirectInputEvents[sdk=iphonesimulator*]" = YES;
				"INFOPLIST_KEY_UILaunchScreen_Generation[sdk=iphoneos*]" = YES;
				"INFOPLIST_KEY_UILaunchScreen_Generation[sdk=iphonesimulator*]" = YES;
				"INFOPLIST_KEY_UIStatusBarStyle[sdk=iphoneos*]" = UIStatusBarStyleDefault;
				"INFOPLIST_KEY_UIStatusBarStyle[sdk=iphonesimulator*]" = UIStatusBarStyleDefault;
				INFOPLIST_KEY_UISupportedInterfaceOrientations_iPad = "UIInterfaceOrientationPortrait UIInterfaceOrientationPortraitUpsideDown UIInterfaceOrientationLandscapeLeft UIInterfaceOrientationLandscapeRight";
				INFOPLIST_KEY_UISupportedInterfaceOrientations_iPhone = "UIInterfaceOrientationPortrait UIInterfaceOrientationLandscapeLeft UIInterfaceOrientationLandscapeRight";
				"INFOPLIST_KEY_UISupportsDocumentBrowser[sdk=iphoneos*]" = YES;
				"INFOPLIST_KEY_UISupportsDocumentBrowser[sdk=iphonesimulator*]" = YES;
				IPHONEOS_DEPLOYMENT_TARGET = 18.2;
				LD_RUNPATH_SEARCH_PATHS = "@executable_path/Frameworks";
				"LD_RUNPATH_SEARCH_PATHS[sdk=macosx*]" = "@executable_path/../Frameworks";
				MACOSX_DEPLOYMENT_TARGET = 15.2;
				MARKETING_VERSION = 1.0;
				PRODUCT_BUNDLE_IDENTIFIER = ee.smeets.EnergySchema;
				PRODUCT_NAME = "$(TARGET_NAME)";
				SDKROOT = auto;
				SUPPORTED_PLATFORMS = "iphoneos iphonesimulator macosx xros xrsimulator";
				SWIFT_EMIT_LOC_STRINGS = YES;
				SWIFT_VERSION = 5.0;
				TARGETED_DEVICE_FAMILY = "1,2,7";
				XROS_DEPLOYMENT_TARGET = 2.3;
			};
			name = Debug;
		};
		C099C6242D86DED1002DE453 /* Release */ = {
			isa = XCBuildConfiguration;
			buildSettings = {
				ASSETCATALOG_COMPILER_APPICON_NAME = AppIcon;
				"ASSETCATALOG_COMPILER_APPICON_NAME[sdk=macosx*]" = EnergySchemaAppIcon;
				"ASSETCATALOG_COMPILER_APPICON_NAME[sdk=xros*]" = EnergySchemaVisionAppIcon;
				ASSETCATALOG_COMPILER_GLOBAL_ACCENT_COLOR_NAME = AccentColor;
				ASSETCATALOG_COMPILER_INCLUDE_ALL_APPICON_ASSETS = NO;
				CODE_SIGN_ENTITLEMENTS = EnergyMeter/EnergyMeter.entitlements;
				CODE_SIGN_STYLE = Automatic;
				CURRENT_PROJECT_VERSION = 1;
				DEVELOPMENT_ASSET_PATHS = "\"EnergyMeter/Preview Content\"";
				DEVELOPMENT_TEAM = 3JC92CA2K5;
				ENABLE_HARDENED_RUNTIME = YES;
				ENABLE_PREVIEWS = YES;
				GENERATE_INFOPLIST_FILE = YES;
				INFOPLIST_FILE = EnergyMeter/Info.plist;
				INFOPLIST_KEY_CFBundleDisplayName = "Energy Schema";
				INFOPLIST_KEY_LSApplicationCategoryType = "public.app-category.utilities";
				"INFOPLIST_KEY_UIApplicationSceneManifest_Generation[sdk=iphoneos*]" = YES;
				"INFOPLIST_KEY_UIApplicationSceneManifest_Generation[sdk=iphonesimulator*]" = YES;
				"INFOPLIST_KEY_UIApplicationSupportsIndirectInputEvents[sdk=iphoneos*]" = YES;
				"INFOPLIST_KEY_UIApplicationSupportsIndirectInputEvents[sdk=iphonesimulator*]" = YES;
				"INFOPLIST_KEY_UILaunchScreen_Generation[sdk=iphoneos*]" = YES;
				"INFOPLIST_KEY_UILaunchScreen_Generation[sdk=iphonesimulator*]" = YES;
				"INFOPLIST_KEY_UIStatusBarStyle[sdk=iphoneos*]" = UIStatusBarStyleDefault;
				"INFOPLIST_KEY_UIStatusBarStyle[sdk=iphonesimulator*]" = UIStatusBarStyleDefault;
				INFOPLIST_KEY_UISupportedInterfaceOrientations_iPad = "UIInterfaceOrientationPortrait UIInterfaceOrientationPortraitUpsideDown UIInterfaceOrientationLandscapeLeft UIInterfaceOrientationLandscapeRight";
				INFOPLIST_KEY_UISupportedInterfaceOrientations_iPhone = "UIInterfaceOrientationPortrait UIInterfaceOrientationLandscapeLeft UIInterfaceOrientationLandscapeRight";
				"INFOPLIST_KEY_UISupportsDocumentBrowser[sdk=iphoneos*]" = YES;
				"INFOPLIST_KEY_UISupportsDocumentBrowser[sdk=iphonesimulator*]" = YES;
				IPHONEOS_DEPLOYMENT_TARGET = 18.2;
				LD_RUNPATH_SEARCH_PATHS = "@executable_path/Frameworks";
				"LD_RUNPATH_SEARCH_PATHS[sdk=macosx*]" = "@executable_path/../Frameworks";
				MACOSX_DEPLOYMENT_TARGET = 15.2;
				MARKETING_VERSION = 1.0;
				PRODUCT_BUNDLE_IDENTIFIER = ee.smeets.EnergySchema;
				PRODUCT_NAME = "$(TARGET_NAME)";
				SDKROOT = auto;
				SUPPORTED_PLATFORMS = "iphoneos iphonesimulator macosx xros xrsimulator";
				SWIFT_EMIT_LOC_STRINGS = YES;
				SWIFT_VERSION = 5.0;
				TARGETED_DEVICE_FAMILY = "1,2,7";
				XROS_DEPLOYMENT_TARGET = 2.3;
			};
			name = Release;
		};
		C099C6252D86DED1002DE453 /* Debug */ = {
			isa = XCBuildConfiguration;
			buildSettings = {
				BUNDLE_LOADER = "$(TEST_HOST)";
				CODE_SIGN_STYLE = Automatic;
				CURRENT_PROJECT_VERSION = 1;
				DEVELOPMENT_TEAM = 3JC92CA2K5;
				GENERATE_INFOPLIST_FILE = YES;
				IPHONEOS_DEPLOYMENT_TARGET = 18.2;
				MACOSX_DEPLOYMENT_TARGET = 15.2;
				MARKETING_VERSION = 1.0;
				PRODUCT_BUNDLE_IDENTIFIER = ee.smeets.EnergyMeterTests;
				PRODUCT_NAME = "$(TARGET_NAME)";
				SDKROOT = auto;
				SUPPORTED_PLATFORMS = "iphoneos iphonesimulator macosx xros xrsimulator";
				SWIFT_EMIT_LOC_STRINGS = NO;
				SWIFT_VERSION = 5.0;
				TARGETED_DEVICE_FAMILY = "1,2,7";
				TEST_HOST = "$(BUILT_PRODUCTS_DIR)/EnergyMeter.app/$(BUNDLE_EXECUTABLE_FOLDER_PATH)/EnergyMeter";
				XROS_DEPLOYMENT_TARGET = 2.2;
			};
			name = Debug;
		};
		C099C6262D86DED1002DE453 /* Release */ = {
			isa = XCBuildConfiguration;
			buildSettings = {
				BUNDLE_LOADER = "$(TEST_HOST)";
				CODE_SIGN_STYLE = Automatic;
				CURRENT_PROJECT_VERSION = 1;
				DEVELOPMENT_TEAM = 3JC92CA2K5;
				GENERATE_INFOPLIST_FILE = YES;
				IPHONEOS_DEPLOYMENT_TARGET = 18.2;
				MACOSX_DEPLOYMENT_TARGET = 15.2;
				MARKETING_VERSION = 1.0;
				PRODUCT_BUNDLE_IDENTIFIER = ee.smeets.EnergyMeterTests;
				PRODUCT_NAME = "$(TARGET_NAME)";
				SDKROOT = auto;
				SUPPORTED_PLATFORMS = "iphoneos iphonesimulator macosx xros xrsimulator";
				SWIFT_EMIT_LOC_STRINGS = NO;
				SWIFT_VERSION = 5.0;
				TARGETED_DEVICE_FAMILY = "1,2,7";
				TEST_HOST = "$(BUILT_PRODUCTS_DIR)/EnergyMeter.app/$(BUNDLE_EXECUTABLE_FOLDER_PATH)/EnergyMeter";
				XROS_DEPLOYMENT_TARGET = 2.2;
			};
			name = Release;
		};
		C099C6272D86DED1002DE453 /* Debug */ = {
			isa = XCBuildConfiguration;
			buildSettings = {
				CODE_SIGN_STYLE = Automatic;
				CURRENT_PROJECT_VERSION = 1;
				DEVELOPMENT_TEAM = 3JC92CA2K5;
				GENERATE_INFOPLIST_FILE = YES;
				IPHONEOS_DEPLOYMENT_TARGET = 18.2;
				MACOSX_DEPLOYMENT_TARGET = 15.2;
				MARKETING_VERSION = 1.0;
				PRODUCT_BUNDLE_IDENTIFIER = ee.smeets.EnergyMeterUITests;
				PRODUCT_NAME = "$(TARGET_NAME)";
				SDKROOT = auto;
				SUPPORTED_PLATFORMS = "iphoneos iphonesimulator macosx xros xrsimulator";
				SWIFT_EMIT_LOC_STRINGS = NO;
				SWIFT_VERSION = 5.0;
				TARGETED_DEVICE_FAMILY = "1,2,7";
				TEST_TARGET_NAME = EnergyMeter;
				XROS_DEPLOYMENT_TARGET = 2.2;
			};
			name = Debug;
		};
		C099C6282D86DED1002DE453 /* Release */ = {
			isa = XCBuildConfiguration;
			buildSettings = {
				CODE_SIGN_STYLE = Automatic;
				CURRENT_PROJECT_VERSION = 1;
				DEVELOPMENT_TEAM = 3JC92CA2K5;
				GENERATE_INFOPLIST_FILE = YES;
				IPHONEOS_DEPLOYMENT_TARGET = 18.2;
				MACOSX_DEPLOYMENT_TARGET = 15.2;
				MARKETING_VERSION = 1.0;
				PRODUCT_BUNDLE_IDENTIFIER = ee.smeets.EnergyMeterUITests;
				PRODUCT_NAME = "$(TARGET_NAME)";
				SDKROOT = auto;
				SUPPORTED_PLATFORMS = "iphoneos iphonesimulator macosx xros xrsimulator";
				SWIFT_EMIT_LOC_STRINGS = NO;
				SWIFT_VERSION = 5.0;
				TARGETED_DEVICE_FAMILY = "1,2,7";
				TEST_TARGET_NAME = EnergyMeter;
				XROS_DEPLOYMENT_TARGET = 2.2;
			};
			name = Release;
		};
		C09EA04A2D63DED7002B4202 /* Debug */ = {
			isa = XCBuildConfiguration;
			buildSettings = {
				ALWAYS_SEARCH_USER_PATHS = NO;
				ASSETCATALOG_COMPILER_GENERATE_SWIFT_ASSET_SYMBOL_EXTENSIONS = YES;
				CLANG_ANALYZER_NONNULL = YES;
				CLANG_ANALYZER_NUMBER_OBJECT_CONVERSION = YES_AGGRESSIVE;
				CLANG_CXX_LANGUAGE_STANDARD = "gnu++20";
				CLANG_ENABLE_MODULES = YES;
				CLANG_ENABLE_OBJC_ARC = YES;
				CLANG_ENABLE_OBJC_WEAK = YES;
				CLANG_WARN_BLOCK_CAPTURE_AUTORELEASING = YES;
				CLANG_WARN_BOOL_CONVERSION = YES;
				CLANG_WARN_COMMA = YES;
				CLANG_WARN_CONSTANT_CONVERSION = YES;
				CLANG_WARN_DEPRECATED_OBJC_IMPLEMENTATIONS = YES;
				CLANG_WARN_DIRECT_OBJC_ISA_USAGE = YES_ERROR;
				CLANG_WARN_DOCUMENTATION_COMMENTS = YES;
				CLANG_WARN_EMPTY_BODY = YES;
				CLANG_WARN_ENUM_CONVERSION = YES;
				CLANG_WARN_INFINITE_RECURSION = YES;
				CLANG_WARN_INT_CONVERSION = YES;
				CLANG_WARN_NON_LITERAL_NULL_CONVERSION = YES;
				CLANG_WARN_OBJC_IMPLICIT_RETAIN_SELF = YES;
				CLANG_WARN_OBJC_LITERAL_CONVERSION = YES;
				CLANG_WARN_OBJC_ROOT_CLASS = YES_ERROR;
				CLANG_WARN_QUOTED_INCLUDE_IN_FRAMEWORK_HEADER = YES;
				CLANG_WARN_RANGE_LOOP_ANALYSIS = YES;
				CLANG_WARN_STRICT_PROTOTYPES = YES;
				CLANG_WARN_SUSPICIOUS_MOVE = YES;
				CLANG_WARN_UNGUARDED_AVAILABILITY = YES_AGGRESSIVE;
				CLANG_WARN_UNREACHABLE_CODE = YES;
				CLANG_WARN__DUPLICATE_METHOD_MATCH = YES;
				COPY_PHASE_STRIP = NO;
				DEBUG_INFORMATION_FORMAT = dwarf;
				ENABLE_STRICT_OBJC_MSGSEND = YES;
				ENABLE_TESTABILITY = YES;
				ENABLE_USER_SCRIPT_SANDBOXING = YES;
				GCC_C_LANGUAGE_STANDARD = gnu17;
				GCC_DYNAMIC_NO_PIC = NO;
				GCC_NO_COMMON_BLOCKS = YES;
				GCC_OPTIMIZATION_LEVEL = 0;
				GCC_PREPROCESSOR_DEFINITIONS = (
					"DEBUG=1",
					"$(inherited)",
				);
				GCC_WARN_64_TO_32_BIT_CONVERSION = YES;
				GCC_WARN_ABOUT_RETURN_TYPE = YES_ERROR;
				GCC_WARN_UNDECLARED_SELECTOR = YES;
				GCC_WARN_UNINITIALIZED_AUTOS = YES_AGGRESSIVE;
				GCC_WARN_UNUSED_FUNCTION = YES;
				GCC_WARN_UNUSED_VARIABLE = YES;
				LOCALIZATION_PREFERS_STRING_CATALOGS = YES;
				MTL_ENABLE_DEBUG_INFO = INCLUDE_SOURCE;
				MTL_FAST_MATH = YES;
				ONLY_ACTIVE_ARCH = YES;
				SWIFT_ACTIVE_COMPILATION_CONDITIONS = "DEBUG $(inherited)";
				SWIFT_EMIT_LOC_STRINGS = YES;
				SWIFT_OPTIMIZATION_LEVEL = "-Onone";
			};
			name = Debug;
		};
		C09EA04B2D63DED7002B4202 /* Release */ = {
			isa = XCBuildConfiguration;
			buildSettings = {
				ALWAYS_SEARCH_USER_PATHS = NO;
				ASSETCATALOG_COMPILER_GENERATE_SWIFT_ASSET_SYMBOL_EXTENSIONS = YES;
				CLANG_ANALYZER_NONNULL = YES;
				CLANG_ANALYZER_NUMBER_OBJECT_CONVERSION = YES_AGGRESSIVE;
				CLANG_CXX_LANGUAGE_STANDARD = "gnu++20";
				CLANG_ENABLE_MODULES = YES;
				CLANG_ENABLE_OBJC_ARC = YES;
				CLANG_ENABLE_OBJC_WEAK = YES;
				CLANG_WARN_BLOCK_CAPTURE_AUTORELEASING = YES;
				CLANG_WARN_BOOL_CONVERSION = YES;
				CLANG_WARN_COMMA = YES;
				CLANG_WARN_CONSTANT_CONVERSION = YES;
				CLANG_WARN_DEPRECATED_OBJC_IMPLEMENTATIONS = YES;
				CLANG_WARN_DIRECT_OBJC_ISA_USAGE = YES_ERROR;
				CLANG_WARN_DOCUMENTATION_COMMENTS = YES;
				CLANG_WARN_EMPTY_BODY = YES;
				CLANG_WARN_ENUM_CONVERSION = YES;
				CLANG_WARN_INFINITE_RECURSION = YES;
				CLANG_WARN_INT_CONVERSION = YES;
				CLANG_WARN_NON_LITERAL_NULL_CONVERSION = YES;
				CLANG_WARN_OBJC_IMPLICIT_RETAIN_SELF = YES;
				CLANG_WARN_OBJC_LITERAL_CONVERSION = YES;
				CLANG_WARN_OBJC_ROOT_CLASS = YES_ERROR;
				CLANG_WARN_QUOTED_INCLUDE_IN_FRAMEWORK_HEADER = YES;
				CLANG_WARN_RANGE_LOOP_ANALYSIS = YES;
				CLANG_WARN_STRICT_PROTOTYPES = YES;
				CLANG_WARN_SUSPICIOUS_MOVE = YES;
				CLANG_WARN_UNGUARDED_AVAILABILITY = YES_AGGRESSIVE;
				CLANG_WARN_UNREACHABLE_CODE = YES;
				CLANG_WARN__DUPLICATE_METHOD_MATCH = YES;
				COPY_PHASE_STRIP = NO;
				DEBUG_INFORMATION_FORMAT = "dwarf-with-dsym";
				ENABLE_NS_ASSERTIONS = NO;
				ENABLE_STRICT_OBJC_MSGSEND = YES;
				ENABLE_USER_SCRIPT_SANDBOXING = YES;
				GCC_C_LANGUAGE_STANDARD = gnu17;
				GCC_NO_COMMON_BLOCKS = YES;
				GCC_WARN_64_TO_32_BIT_CONVERSION = YES;
				GCC_WARN_ABOUT_RETURN_TYPE = YES_ERROR;
				GCC_WARN_UNDECLARED_SELECTOR = YES;
				GCC_WARN_UNINITIALIZED_AUTOS = YES_AGGRESSIVE;
				GCC_WARN_UNUSED_FUNCTION = YES;
				GCC_WARN_UNUSED_VARIABLE = YES;
				LOCALIZATION_PREFERS_STRING_CATALOGS = YES;
				MTL_ENABLE_DEBUG_INFO = NO;
				MTL_FAST_MATH = YES;
				SWIFT_COMPILATION_MODE = wholemodule;
				SWIFT_EMIT_LOC_STRINGS = YES;
			};
			name = Release;
		};
		C09EA04D2D63DED7002B4202 /* Debug */ = {
			isa = XCBuildConfiguration;
			buildSettings = {
				ASSETCATALOG_COMPILER_APPICON_NAME = AppIcon;
				ASSETCATALOG_COMPILER_GLOBAL_ACCENT_COLOR_NAME = AccentColor;
				CODE_SIGN_ENTITLEMENTS = AutismExplainer/AutismExplainer.entitlements;
				CODE_SIGN_STYLE = Automatic;
				CURRENT_PROJECT_VERSION = 1;
				DEVELOPMENT_ASSET_PATHS = "\"AutismExplainer/Preview Content\"";
				DEVELOPMENT_TEAM = 3JC92CA2K5;
				ENABLE_PREVIEWS = YES;
				GENERATE_INFOPLIST_FILE = YES;
				INFOPLIST_KEY_LSApplicationCategoryType = "public.app-category.reference";
				"INFOPLIST_KEY_UIApplicationSceneManifest_Generation[sdk=iphoneos*]" = YES;
				"INFOPLIST_KEY_UIApplicationSceneManifest_Generation[sdk=iphonesimulator*]" = YES;
				"INFOPLIST_KEY_UIApplicationSupportsIndirectInputEvents[sdk=iphoneos*]" = YES;
				"INFOPLIST_KEY_UIApplicationSupportsIndirectInputEvents[sdk=iphonesimulator*]" = YES;
				"INFOPLIST_KEY_UILaunchScreen_Generation[sdk=iphoneos*]" = YES;
				"INFOPLIST_KEY_UILaunchScreen_Generation[sdk=iphonesimulator*]" = YES;
				"INFOPLIST_KEY_UIStatusBarStyle[sdk=iphoneos*]" = UIStatusBarStyleDefault;
				"INFOPLIST_KEY_UIStatusBarStyle[sdk=iphonesimulator*]" = UIStatusBarStyleDefault;
				INFOPLIST_KEY_UISupportedInterfaceOrientations_iPad = "UIInterfaceOrientationPortrait UIInterfaceOrientationPortraitUpsideDown UIInterfaceOrientationLandscapeLeft UIInterfaceOrientationLandscapeRight";
				INFOPLIST_KEY_UISupportedInterfaceOrientations_iPhone = "UIInterfaceOrientationPortrait UIInterfaceOrientationLandscapeLeft UIInterfaceOrientationLandscapeRight";
				IPHONEOS_DEPLOYMENT_TARGET = 18.2;
				LD_RUNPATH_SEARCH_PATHS = "@executable_path/Frameworks";
				"LD_RUNPATH_SEARCH_PATHS[sdk=macosx*]" = "@executable_path/../Frameworks";
				MACOSX_DEPLOYMENT_TARGET = 15.2;
				MARKETING_VERSION = 1.0;
				PRODUCT_BUNDLE_IDENTIFIER = ee.smeets.AutismExplainer;
				PRODUCT_NAME = "$(TARGET_NAME)";
				SDKROOT = auto;
				SUPPORTED_PLATFORMS = "appletvos appletvsimulator iphoneos iphonesimulator macosx xros xrsimulator";
				SUPPORTS_MACCATALYST = NO;
				SWIFT_EMIT_LOC_STRINGS = YES;
				SWIFT_VERSION = 5.0;
				TARGETED_DEVICE_FAMILY = "1,2,3,7";
				XROS_DEPLOYMENT_TARGET = 2.2;
			};
			name = Debug;
		};
		C09EA04E2D63DED7002B4202 /* Release */ = {
			isa = XCBuildConfiguration;
			buildSettings = {
				ASSETCATALOG_COMPILER_APPICON_NAME = AppIcon;
				ASSETCATALOG_COMPILER_GLOBAL_ACCENT_COLOR_NAME = AccentColor;
				CODE_SIGN_ENTITLEMENTS = AutismExplainer/AutismExplainer.entitlements;
				CODE_SIGN_STYLE = Automatic;
				CURRENT_PROJECT_VERSION = 1;
				DEVELOPMENT_ASSET_PATHS = "\"AutismExplainer/Preview Content\"";
				DEVELOPMENT_TEAM = 3JC92CA2K5;
				ENABLE_PREVIEWS = YES;
				GENERATE_INFOPLIST_FILE = YES;
				INFOPLIST_KEY_LSApplicationCategoryType = "public.app-category.reference";
				"INFOPLIST_KEY_UIApplicationSceneManifest_Generation[sdk=iphoneos*]" = YES;
				"INFOPLIST_KEY_UIApplicationSceneManifest_Generation[sdk=iphonesimulator*]" = YES;
				"INFOPLIST_KEY_UIApplicationSupportsIndirectInputEvents[sdk=iphoneos*]" = YES;
				"INFOPLIST_KEY_UIApplicationSupportsIndirectInputEvents[sdk=iphonesimulator*]" = YES;
				"INFOPLIST_KEY_UILaunchScreen_Generation[sdk=iphoneos*]" = YES;
				"INFOPLIST_KEY_UILaunchScreen_Generation[sdk=iphonesimulator*]" = YES;
				"INFOPLIST_KEY_UIStatusBarStyle[sdk=iphoneos*]" = UIStatusBarStyleDefault;
				"INFOPLIST_KEY_UIStatusBarStyle[sdk=iphonesimulator*]" = UIStatusBarStyleDefault;
				INFOPLIST_KEY_UISupportedInterfaceOrientations_iPad = "UIInterfaceOrientationPortrait UIInterfaceOrientationPortraitUpsideDown UIInterfaceOrientationLandscapeLeft UIInterfaceOrientationLandscapeRight";
				INFOPLIST_KEY_UISupportedInterfaceOrientations_iPhone = "UIInterfaceOrientationPortrait UIInterfaceOrientationLandscapeLeft UIInterfaceOrientationLandscapeRight";
				IPHONEOS_DEPLOYMENT_TARGET = 18.2;
				LD_RUNPATH_SEARCH_PATHS = "@executable_path/Frameworks";
				"LD_RUNPATH_SEARCH_PATHS[sdk=macosx*]" = "@executable_path/../Frameworks";
				MACOSX_DEPLOYMENT_TARGET = 15.2;
				MARKETING_VERSION = 1.0;
				PRODUCT_BUNDLE_IDENTIFIER = ee.smeets.AutismExplainer;
				PRODUCT_NAME = "$(TARGET_NAME)";
				SDKROOT = auto;
				SUPPORTED_PLATFORMS = "appletvos appletvsimulator iphoneos iphonesimulator macosx xros xrsimulator";
				SUPPORTS_MACCATALYST = NO;
				SWIFT_EMIT_LOC_STRINGS = YES;
				SWIFT_VERSION = 5.0;
				TARGETED_DEVICE_FAMILY = "1,2,3,7";
				XROS_DEPLOYMENT_TARGET = 2.2;
			};
			name = Release;
		};
		C09EA0502D63DED7002B4202 /* Debug */ = {
			isa = XCBuildConfiguration;
			buildSettings = {
				BUNDLE_LOADER = "$(TEST_HOST)";
				CODE_SIGN_STYLE = Automatic;
				CURRENT_PROJECT_VERSION = 1;
				DEVELOPMENT_TEAM = 3JC92CA2K5;
				GENERATE_INFOPLIST_FILE = YES;
				IPHONEOS_DEPLOYMENT_TARGET = 18.2;
				MACOSX_DEPLOYMENT_TARGET = 15.2;
				MARKETING_VERSION = 1.0;
				PRODUCT_BUNDLE_IDENTIFIER = ee.smeets.AutismExplainerTests;
				PRODUCT_NAME = "$(TARGET_NAME)";
				SDKROOT = auto;
				SUPPORTED_PLATFORMS = "iphoneos iphonesimulator macosx xros xrsimulator";
				SWIFT_EMIT_LOC_STRINGS = NO;
				SWIFT_VERSION = 5.0;
				TARGETED_DEVICE_FAMILY = "1,2,7";
				TEST_HOST = "$(BUILT_PRODUCTS_DIR)/AutismExplainer.app/$(BUNDLE_EXECUTABLE_FOLDER_PATH)/AutismExplainer";
				XROS_DEPLOYMENT_TARGET = 2.2;
			};
			name = Debug;
		};
		C09EA0512D63DED7002B4202 /* Release */ = {
			isa = XCBuildConfiguration;
			buildSettings = {
				BUNDLE_LOADER = "$(TEST_HOST)";
				CODE_SIGN_STYLE = Automatic;
				CURRENT_PROJECT_VERSION = 1;
				DEVELOPMENT_TEAM = 3JC92CA2K5;
				GENERATE_INFOPLIST_FILE = YES;
				IPHONEOS_DEPLOYMENT_TARGET = 18.2;
				MACOSX_DEPLOYMENT_TARGET = 15.2;
				MARKETING_VERSION = 1.0;
				PRODUCT_BUNDLE_IDENTIFIER = ee.smeets.AutismExplainerTests;
				PRODUCT_NAME = "$(TARGET_NAME)";
				SDKROOT = auto;
				SUPPORTED_PLATFORMS = "iphoneos iphonesimulator macosx xros xrsimulator";
				SWIFT_EMIT_LOC_STRINGS = NO;
				SWIFT_VERSION = 5.0;
				TARGETED_DEVICE_FAMILY = "1,2,7";
				TEST_HOST = "$(BUILT_PRODUCTS_DIR)/AutismExplainer.app/$(BUNDLE_EXECUTABLE_FOLDER_PATH)/AutismExplainer";
				XROS_DEPLOYMENT_TARGET = 2.2;
			};
			name = Release;
		};
		C09EA0532D63DED7002B4202 /* Debug */ = {
			isa = XCBuildConfiguration;
			buildSettings = {
				CODE_SIGN_STYLE = Automatic;
				CURRENT_PROJECT_VERSION = 1;
				DEVELOPMENT_TEAM = 3JC92CA2K5;
				GENERATE_INFOPLIST_FILE = YES;
				IPHONEOS_DEPLOYMENT_TARGET = 18.2;
				MACOSX_DEPLOYMENT_TARGET = 15.2;
				MARKETING_VERSION = 1.0;
				PRODUCT_BUNDLE_IDENTIFIER = ee.smeets.AutismExplainerUITests;
				PRODUCT_NAME = "$(TARGET_NAME)";
				SDKROOT = auto;
				SUPPORTED_PLATFORMS = "iphoneos iphonesimulator macosx xros xrsimulator";
				SWIFT_EMIT_LOC_STRINGS = NO;
				SWIFT_VERSION = 5.0;
				TARGETED_DEVICE_FAMILY = "1,2,7";
				TEST_TARGET_NAME = AutismExplainer;
				XROS_DEPLOYMENT_TARGET = 2.2;
			};
			name = Debug;
		};
		C09EA0542D63DED7002B4202 /* Release */ = {
			isa = XCBuildConfiguration;
			buildSettings = {
				CODE_SIGN_STYLE = Automatic;
				CURRENT_PROJECT_VERSION = 1;
				DEVELOPMENT_TEAM = 3JC92CA2K5;
				GENERATE_INFOPLIST_FILE = YES;
				IPHONEOS_DEPLOYMENT_TARGET = 18.2;
				MACOSX_DEPLOYMENT_TARGET = 15.2;
				MARKETING_VERSION = 1.0;
				PRODUCT_BUNDLE_IDENTIFIER = ee.smeets.AutismExplainerUITests;
				PRODUCT_NAME = "$(TARGET_NAME)";
				SDKROOT = auto;
				SUPPORTED_PLATFORMS = "iphoneos iphonesimulator macosx xros xrsimulator";
				SWIFT_EMIT_LOC_STRINGS = NO;
				SWIFT_VERSION = 5.0;
				TARGETED_DEVICE_FAMILY = "1,2,7";
				TEST_TARGET_NAME = AutismExplainer;
				XROS_DEPLOYMENT_TARGET = 2.2;
			};
			name = Release;
		};
/* End XCBuildConfiguration section */

/* Begin XCConfigurationList section */
		C099C62A2D86DED1002DE453 /* Build configuration list for PBXNativeTarget "EnergyMeter" */ = {
			isa = XCConfigurationList;
			buildConfigurations = (
				C099C6232D86DED1002DE453 /* Debug */,
				C099C6242D86DED1002DE453 /* Release */,
			);
			defaultConfigurationIsVisible = 0;
			defaultConfigurationName = Release;
		};
		C099C62B2D86DED1002DE453 /* Build configuration list for PBXNativeTarget "EnergyMeterTests" */ = {
			isa = XCConfigurationList;
			buildConfigurations = (
				C099C6252D86DED1002DE453 /* Debug */,
				C099C6262D86DED1002DE453 /* Release */,
			);
			defaultConfigurationIsVisible = 0;
			defaultConfigurationName = Release;
		};
		C099C62C2D86DED1002DE453 /* Build configuration list for PBXNativeTarget "EnergyMeterUITests" */ = {
			isa = XCConfigurationList;
			buildConfigurations = (
				C099C6272D86DED1002DE453 /* Debug */,
				C099C6282D86DED1002DE453 /* Release */,
			);
			defaultConfigurationIsVisible = 0;
			defaultConfigurationName = Release;
		};
		C09EA0222D63DED6002B4202 /* Build configuration list for PBXProject "AutismExplainer" */ = {
			isa = XCConfigurationList;
			buildConfigurations = (
				C09EA04A2D63DED7002B4202 /* Debug */,
				C09EA04B2D63DED7002B4202 /* Release */,
			);
			defaultConfigurationIsVisible = 0;
			defaultConfigurationName = Release;
		};
		C09EA04C2D63DED7002B4202 /* Build configuration list for PBXNativeTarget "AutismExplainer" */ = {
			isa = XCConfigurationList;
			buildConfigurations = (
				C09EA04D2D63DED7002B4202 /* Debug */,
				C09EA04E2D63DED7002B4202 /* Release */,
			);
			defaultConfigurationIsVisible = 0;
			defaultConfigurationName = Release;
		};
		C09EA04F2D63DED7002B4202 /* Build configuration list for PBXNativeTarget "AutismExplainerTests" */ = {
			isa = XCConfigurationList;
			buildConfigurations = (
				C09EA0502D63DED7002B4202 /* Debug */,
				C09EA0512D63DED7002B4202 /* Release */,
			);
			defaultConfigurationIsVisible = 0;
			defaultConfigurationName = Release;
		};
		C09EA0522D63DED7002B4202 /* Build configuration list for PBXNativeTarget "AutismExplainerUITests" */ = {
			isa = XCConfigurationList;
			buildConfigurations = (
				C09EA0532D63DED7002B4202 /* Debug */,
				C09EA0542D63DED7002B4202 /* Release */,
			);
			defaultConfigurationIsVisible = 0;
			defaultConfigurationName = Release;
		};
/* End XCConfigurationList section */
	};
	rootObject = C09EA01F2D63DED6002B4202 /* Project object */;
}
